
Microsoft Visual Studio Solution File, Format Version 12.00
# Visual Studio 14
VisualStudioVersion = 14.0.23107.0
MinimumVisualStudioVersion = 10.0.40219.1
Project("{FAE04EC0-301F-11D3-BF4B-00C04F79EFBC}") = "DriveClient", "DriveClient\DriveClient.csproj", "{611265A9-D51E-473A-8BD2-92E7F13C2B80}"
EndProject
Project("{FAE04EC0-301F-11D3-BF4B-00C04F79EFBC}") = "DriveServiceLibrary", "DriveServiceLibrary\DriveServiceLibrary.csproj", "{35027B2F-A54D-4106-8A7A-BE58F7A54391}"
EndProject
Project("{E24C65DC-7377-472B-9ABA-BC803B73C61A}") = "WCFDriveService", "..\WCFDriveService\", "{C0F503A8-3DD2-4851-B622-27408C436E78}"
	ProjectSection(WebsiteProperties) = preProject
		TargetFrameworkMoniker = ".NETFramework,Version%3Dv4.5"
		ProjectReferences = "{35027b2f-a54d-4106-8a7a-be58f7a54391}|DriveServiceLibrary.dll;"
		Debug.AspNetCompiler.VirtualPath = "/localhost_58638"
		Debug.AspNetCompiler.PhysicalPath = "..\WCFDriveService\"
		Debug.AspNetCompiler.TargetPath = "PrecompiledWeb\localhost_58638\"
		Debug.AspNetCompiler.Updateable = "true"
		Debug.AspNetCompiler.ForceOverwrite = "true"
		Debug.AspNetCompiler.FixedNames = "false"
		Debug.AspNetCompiler.Debug = "True"
		Release.AspNetCompiler.VirtualPath = "/localhost_58638"
		Release.AspNetCompiler.PhysicalPath = "..\WCFDriveService\"
		Release.AspNetCompiler.TargetPath = "PrecompiledWeb\localhost_58638\"
		Release.AspNetCompiler.Updateable = "true"
		Release.AspNetCompiler.ForceOverwrite = "true"
		Release.AspNetCompiler.FixedNames = "false"
		Release.AspNetCompiler.Debug = "False"
		VWDPort = "58638"
		SlnRelativePath = "..\WCFDriveService\"
	EndProjectSection
EndProject
Global
	GlobalSection(SolutionConfigurationPlatforms) = preSolution
		Debug|Any CPU = Debug|Any CPU
		Release|Any CPU = Release|Any CPU
	EndGlobalSection
	GlobalSection(ProjectConfigurationPlatforms) = postSolution
		{611265A9-D51E-473A-8BD2-92E7F13C2B80}.Debug|Any CPU.ActiveCfg = Debug|Any CPU
		{611265A9-D51E-473A-8BD2-92E7F13C2B80}.Debug|Any CPU.Build.0 = Debug|Any CPU
		{611265A9-D51E-473A-8BD2-92E7F13C2B80}.Release|Any CPU.ActiveCfg = Release|Any CPU
		{611265A9-D51E-473A-8BD2-92E7F13C2B80}.Release|Any CPU.Build.0 = Release|Any CPU
		{35027B2F-A54D-4106-8A7A-BE58F7A54391}.Debug|Any CPU.ActiveCfg = Debug|Any CPU
		{35027B2F-A54D-4106-8A7A-BE58F7A54391}.Debug|Any CPU.Build.0 = Debug|Any CPU
		{35027B2F-A54D-4106-8A7A-BE58F7A54391}.Release|Any CPU.ActiveCfg = Release|Any CPU
		{35027B2F-A54D-4106-8A7A-BE58F7A54391}.Release|Any CPU.Build.0 = Release|Any CPU
		{C0F503A8-3DD2-4851-B622-27408C436E78}.Debug|Any CPU.ActiveCfg = Debug|Any CPU
		{C0F503A8-3DD2-4851-B622-27408C436E78}.Debug|Any CPU.Build.0 = Debug|Any CPU
		{C0F503A8-3DD2-4851-B622-27408C436E78}.Release|Any CPU.ActiveCfg = Debug|Any CPU
		{C0F503A8-3DD2-4851-B622-27408C436E78}.Release|Any CPU.Build.0 = Debug|Any CPU
	EndGlobalSection
	GlobalSection(SolutionProperties) = preSolution
		HideSolutionNode = FALSE
	EndGlobalSection
EndGlobal
